// !$*UTF8*$!
{
	archiveVersion = 1;
	classes = {
	};
	objectVersion = 46;
	objects = {

/* Begin PBXBuildFile section */
		9A0339F21EFB06A000083CA9 /* FUIButton.m in Sources */ = {isa = PBXBuildFile; fileRef = 9A0339F11EFB06A000083CA9 /* FUIButton.m */; };
		9A0339F51EFB06C700083CA9 /* UIImage+FlatUI.m in Sources */ = {isa = PBXBuildFile; fileRef = 9A0339F41EFB06C700083CA9 /* UIImage+FlatUI.m */; };
		9A0339F81EFB073600083CA9 /* UIColor+FlatUI.m in Sources */ = {isa = PBXBuildFile; fileRef = 9A0339F71EFB073600083CA9 /* UIColor+FlatUI.m */; };
		9A0339FD1EFB0C1200083CA9 /* UINavigationBar+FlatUI.m in Sources */ = {isa = PBXBuildFile; fileRef = 9A0339FC1EFB0C1200083CA9 /* UINavigationBar+FlatUI.m */; };
		9A1809EE1ED3770F005F4F0E /* AppDelegate.swift in Sources */ = {isa = PBXBuildFile; fileRef = 9A1809ED1ED3770F005F4F0E /* AppDelegate.swift */; };
		9A1809F01ED3770F005F4F0E /* RootViewController.swift in Sources */ = {isa = PBXBuildFile; fileRef = 9A1809EF1ED3770F005F4F0E /* RootViewController.swift */; };
		9A1809F31ED3770F005F4F0E /* Main.storyboard in Resources */ = {isa = PBXBuildFile; fileRef = 9A1809F11ED3770F005F4F0E /* Main.storyboard */; };
		9A1809F51ED3770F005F4F0E /* Assets.xcassets in Resources */ = {isa = PBXBuildFile; fileRef = 9A1809F41ED3770F005F4F0E /* Assets.xcassets */; };
		9A1809F81ED3770F005F4F0E /* LaunchScreen.storyboard in Resources */ = {isa = PBXBuildFile; fileRef = 9A1809F61ED3770F005F4F0E /* LaunchScreen.storyboard */; };
		9A180A031ED3770F005F4F0E /* BKCommedyTests.swift in Sources */ = {isa = PBXBuildFile; fileRef = 9A180A021ED3770F005F4F0E /* BKCommedyTests.swift */; };
		9A180A0E1ED3770F005F4F0E /* BKCommedyUITests.swift in Sources */ = {isa = PBXBuildFile; fileRef = 9A180A0D1ED3770F005F4F0E /* BKCommedyUITests.swift */; };
		9A3CDDA91EE753E800DC283C /* SWRevealViewController.m in Sources */ = {isa = PBXBuildFile; fileRef = 9A3CDDA81EE753E800DC283C /* SWRevealViewController.m */; };
		9A40BF261EF8A030005064A7 /* fadeInAndOutExtension.swift in Sources */ = {isa = PBXBuildFile; fileRef = 9A40BF251EF8A030005064A7 /* fadeInAndOutExtension.swift */; };
		9A501A1D1EDE38700075E61E /* VenueDetailViewController.swift in Sources */ = {isa = PBXBuildFile; fileRef = 9A501A1C1EDE38700075E61E /* VenueDetailViewController.swift */; };
		9A501A1F1EDE39B10075E61E /* VenueTableViewController.swift in Sources */ = {isa = PBXBuildFile; fileRef = 9A501A1E1EDE39B10075E61E /* VenueTableViewController.swift */; };
		9A5F00B41EFB0E510084EA5A /* NSString+Icons.m in Sources */ = {isa = PBXBuildFile; fileRef = 9A5F00B31EFB0E510084EA5A /* NSString+Icons.m */; };
		9A6E21291EF8E10A003E3078 /* DayCollectionViewCell.swift in Sources */ = {isa = PBXBuildFile; fileRef = 9A6E21281EF8E10A003E3078 /* DayCollectionViewCell.swift */; };
		9A99C4121EE87BD800957146 /* EventsAndSchedualViewController.swift in Sources */ = {isa = PBXBuildFile; fileRef = 9A99C4111EE87BD800957146 /* EventsAndSchedualViewController.swift */; };
		9A9E62351EE9BFE500AD3B4C /* EventTableViewCell.swift in Sources */ = {isa = PBXBuildFile; fileRef = 9A9E62341EE9BFE500AD3B4C /* EventTableViewCell.swift */; };
		9A9E62391EE9C6A300AD3B4C /* Events.swift in Sources */ = {isa = PBXBuildFile; fileRef = 9A9E62381EE9C6A300AD3B4C /* Events.swift */; };
		9A9E623B1EE9C8D400AD3B4C /* EventManager.swift in Sources */ = {isa = PBXBuildFile; fileRef = 9A9E623A1EE9C8D400AD3B4C /* EventManager.swift */; };
		9A9E623D1EE9FA9400AD3B4C /* Venues.swift in Sources */ = {isa = PBXBuildFile; fileRef = 9A9E623C1EE9FA9300AD3B4C /* Venues.swift */; };
		9AA2791B1EDE2BA0006D2123 /* AboutViewController.swift in Sources */ = {isa = PBXBuildFile; fileRef = 9AA2791A1EDE2BA0006D2123 /* AboutViewController.swift */; };
		9AA2791D1EDE2ED8006D2123 /* AboutStrings.swift in Sources */ = {isa = PBXBuildFile; fileRef = 9AA2791C1EDE2ED8006D2123 /* AboutStrings.swift */; };
		9ABD228F1EF9B8A500B49D71 /* Montserrat-Black.otf in Resources */ = {isa = PBXBuildFile; fileRef = 9ABD22861EF9B8A500B49D71 /* Montserrat-Black.otf */; };
		9ABD22901EF9B8A500B49D71 /* Montserrat-Bold.otf in Resources */ = {isa = PBXBuildFile; fileRef = 9ABD22871EF9B8A500B49D71 /* Montserrat-Bold.otf */; };
		9ABD22911EF9B8A500B49D71 /* Montserrat-ExtraBold.otf in Resources */ = {isa = PBXBuildFile; fileRef = 9ABD22881EF9B8A500B49D71 /* Montserrat-ExtraBold.otf */; };
		9ABD22921EF9B8A500B49D71 /* Montserrat-Hairline.otf in Resources */ = {isa = PBXBuildFile; fileRef = 9ABD22891EF9B8A500B49D71 /* Montserrat-Hairline.otf */; };
		9ABD22931EF9B8A500B49D71 /* Montserrat-Light.otf in Resources */ = {isa = PBXBuildFile; fileRef = 9ABD228A1EF9B8A500B49D71 /* Montserrat-Light.otf */; };
		9ABD22941EF9B8A500B49D71 /* Montserrat-Regular.otf in Resources */ = {isa = PBXBuildFile; fileRef = 9ABD228B1EF9B8A500B49D71 /* Montserrat-Regular.otf */; };
		9ABD22951EF9B8A500B49D71 /* Montserrat-SemiBold.otf in Resources */ = {isa = PBXBuildFile; fileRef = 9ABD228C1EF9B8A500B49D71 /* Montserrat-SemiBold.otf */; };
		9ABD22961EF9B8A500B49D71 /* Montserrat-UltraLight.otf in Resources */ = {isa = PBXBuildFile; fileRef = 9ABD228D1EF9B8A500B49D71 /* Montserrat-UltraLight.otf */; };
		9ABD22971EF9B8A500B49D71 /* SIL Open Font License.txt in Resources */ = {isa = PBXBuildFile; fileRef = 9ABD228E1EF9B8A500B49D71 /* SIL Open Font License.txt */; };
		9AD1E4741EDE19DB007F634B /* VenueManager.swift in Sources */ = {isa = PBXBuildFile; fileRef = 9AD1E4731EDE19DB007F634B /* VenueManager.swift */; };
		9ADB27701EF1D65F00DEE18E /* MenuTableViewController.swift in Sources */ = {isa = PBXBuildFile; fileRef = 9ADB276F1EF1D65F00DEE18E /* MenuTableViewController.swift */; };
		9AE8694D1EDF41D000838657 /* VenueTableViewCell.swift in Sources */ = {isa = PBXBuildFile; fileRef = 9AE8694C1EDF41D000838657 /* VenueTableViewCell.swift */; };
		9AF187F61EF85E77002A30E8 /* filterDuplicatesArrayExtension.swift in Sources */ = {isa = PBXBuildFile; fileRef = 9AF187F51EF85E77002A30E8 /* filterDuplicatesArrayExtension.swift */; };
		9AF187F81EF8824C002A30E8 /* EventDetailViewController.swift in Sources */ = {isa = PBXBuildFile; fileRef = 9AF187F71EF8824C002A30E8 /* EventDetailViewController.swift */; };
/* End PBXBuildFile section */

/* Begin PBXContainerItemProxy section */
		9A1809FF1ED3770F005F4F0E /* PBXContainerItemProxy */ = {
			isa = PBXContainerItemProxy;
			containerPortal = 9A1809E21ED3770F005F4F0E /* Project object */;
			proxyType = 1;
			remoteGlobalIDString = 9A1809E91ED3770F005F4F0E;
			remoteInfo = BKCommedy;
		};
		9A180A0A1ED3770F005F4F0E /* PBXContainerItemProxy */ = {
			isa = PBXContainerItemProxy;
			containerPortal = 9A1809E21ED3770F005F4F0E /* Project object */;
			proxyType = 1;
			remoteGlobalIDString = 9A1809E91ED3770F005F4F0E;
			remoteInfo = BKCommedy;
		};
/* End PBXContainerItemProxy section */

/* Begin PBXFileReference section */
		9A0339F01EFB06A000083CA9 /* FUIButton.h */ = {isa = PBXFileReference; fileEncoding = 4; lastKnownFileType = sourcecode.c.h; path = FUIButton.h; sourceTree = "<group>"; };
		9A0339F11EFB06A000083CA9 /* FUIButton.m */ = {isa = PBXFileReference; fileEncoding = 4; lastKnownFileType = sourcecode.c.objc; path = FUIButton.m; sourceTree = "<group>"; };
		9A0339F31EFB06C700083CA9 /* UIImage+FlatUI.h */ = {isa = PBXFileReference; fileEncoding = 4; lastKnownFileType = sourcecode.c.h; path = "UIImage+FlatUI.h"; sourceTree = "<group>"; };
		9A0339F41EFB06C700083CA9 /* UIImage+FlatUI.m */ = {isa = PBXFileReference; fileEncoding = 4; lastKnownFileType = sourcecode.c.objc; path = "UIImage+FlatUI.m"; sourceTree = "<group>"; };
		9A0339F61EFB073600083CA9 /* UIColor+FlatUI.h */ = {isa = PBXFileReference; fileEncoding = 4; lastKnownFileType = sourcecode.c.h; path = "UIColor+FlatUI.h"; sourceTree = "<group>"; };
		9A0339F71EFB073600083CA9 /* UIColor+FlatUI.m */ = {isa = PBXFileReference; fileEncoding = 4; lastKnownFileType = sourcecode.c.objc; path = "UIColor+FlatUI.m"; sourceTree = "<group>"; };
		9A0339FB1EFB0C1200083CA9 /* UINavigationBar+FlatUI.h */ = {isa = PBXFileReference; fileEncoding = 4; lastKnownFileType = sourcecode.c.h; path = "UINavigationBar+FlatUI.h"; sourceTree = "<group>"; };
		9A0339FC1EFB0C1200083CA9 /* UINavigationBar+FlatUI.m */ = {isa = PBXFileReference; fileEncoding = 4; lastKnownFileType = sourcecode.c.objc; path = "UINavigationBar+FlatUI.m"; sourceTree = "<group>"; };
		9A1809EA1ED3770F005F4F0E /* BKCommedy.app */ = {isa = PBXFileReference; explicitFileType = wrapper.application; includeInIndex = 0; path = BKCommedy.app; sourceTree = BUILT_PRODUCTS_DIR; };
		9A1809ED1ED3770F005F4F0E /* AppDelegate.swift */ = {isa = PBXFileReference; lastKnownFileType = sourcecode.swift; path = AppDelegate.swift; sourceTree = "<group>"; };
		9A1809EF1ED3770F005F4F0E /* RootViewController.swift */ = {isa = PBXFileReference; lastKnownFileType = sourcecode.swift; path = RootViewController.swift; sourceTree = "<group>"; };
		9A1809F21ED3770F005F4F0E /* Base */ = {isa = PBXFileReference; lastKnownFileType = file.storyboard; name = Base; path = Base.lproj/Main.storyboard; sourceTree = "<group>"; };
		9A1809F41ED3770F005F4F0E /* Assets.xcassets */ = {isa = PBXFileReference; lastKnownFileType = folder.assetcatalog; path = Assets.xcassets; sourceTree = "<group>"; };
		9A1809F71ED3770F005F4F0E /* Base */ = {isa = PBXFileReference; lastKnownFileType = file.storyboard; name = Base; path = Base.lproj/LaunchScreen.storyboard; sourceTree = "<group>"; };
		9A1809F91ED3770F005F4F0E /* Info.plist */ = {isa = PBXFileReference; lastKnownFileType = text.plist.xml; path = Info.plist; sourceTree = "<group>"; };
		9A1809FE1ED3770F005F4F0E /* BKCommedyTests.xctest */ = {isa = PBXFileReference; explicitFileType = wrapper.cfbundle; includeInIndex = 0; path = BKCommedyTests.xctest; sourceTree = BUILT_PRODUCTS_DIR; };
		9A180A021ED3770F005F4F0E /* BKCommedyTests.swift */ = {isa = PBXFileReference; lastKnownFileType = sourcecode.swift; path = BKCommedyTests.swift; sourceTree = "<group>"; };
		9A180A041ED3770F005F4F0E /* Info.plist */ = {isa = PBXFileReference; lastKnownFileType = text.plist.xml; path = Info.plist; sourceTree = "<group>"; };
		9A180A091ED3770F005F4F0E /* BKCommedyUITests.xctest */ = {isa = PBXFileReference; explicitFileType = wrapper.cfbundle; includeInIndex = 0; path = BKCommedyUITests.xctest; sourceTree = BUILT_PRODUCTS_DIR; };
		9A180A0D1ED3770F005F4F0E /* BKCommedyUITests.swift */ = {isa = PBXFileReference; lastKnownFileType = sourcecode.swift; path = BKCommedyUITests.swift; sourceTree = "<group>"; };
		9A180A0F1ED3770F005F4F0E /* Info.plist */ = {isa = PBXFileReference; lastKnownFileType = text.plist.xml; path = Info.plist; sourceTree = "<group>"; };
		9A3CDDA61EE753E800DC283C /* BKCommedy-Bridging-Header.h */ = {isa = PBXFileReference; lastKnownFileType = sourcecode.c.h; path = "BKCommedy-Bridging-Header.h"; sourceTree = "<group>"; };
		9A3CDDA71EE753E800DC283C /* SWRevealViewController.h */ = {isa = PBXFileReference; fileEncoding = 4; lastKnownFileType = sourcecode.c.h; path = SWRevealViewController.h; sourceTree = "<group>"; };
		9A3CDDA81EE753E800DC283C /* SWRevealViewController.m */ = {isa = PBXFileReference; fileEncoding = 4; lastKnownFileType = sourcecode.c.objc; path = SWRevealViewController.m; sourceTree = "<group>"; };
		9A40BF251EF8A030005064A7 /* fadeInAndOutExtension.swift */ = {isa = PBXFileReference; fileEncoding = 4; lastKnownFileType = sourcecode.swift; path = fadeInAndOutExtension.swift; sourceTree = "<group>"; };
		9A501A1C1EDE38700075E61E /* VenueDetailViewController.swift */ = {isa = PBXFileReference; fileEncoding = 4; lastKnownFileType = sourcecode.swift; name = VenueDetailViewController.swift; path = ../VenueDetailViewController.swift; sourceTree = "<group>"; };
		9A501A1E1EDE39B10075E61E /* VenueTableViewController.swift */ = {isa = PBXFileReference; fileEncoding = 4; lastKnownFileType = sourcecode.swift; path = VenueTableViewController.swift; sourceTree = "<group>"; };
		9A5F00B21EFB0E510084EA5A /* NSString+Icons.h */ = {isa = PBXFileReference; fileEncoding = 4; lastKnownFileType = sourcecode.c.h; path = "NSString+Icons.h"; sourceTree = "<group>"; };
		9A5F00B31EFB0E510084EA5A /* NSString+Icons.m */ = {isa = PBXFileReference; fileEncoding = 4; lastKnownFileType = sourcecode.c.objc; path = "NSString+Icons.m"; sourceTree = "<group>"; };
		9A6E21281EF8E10A003E3078 /* DayCollectionViewCell.swift */ = {isa = PBXFileReference; fileEncoding = 4; lastKnownFileType = sourcecode.swift; path = DayCollectionViewCell.swift; sourceTree = "<group>"; };
		9A99C4111EE87BD800957146 /* EventsAndSchedualViewController.swift */ = {isa = PBXFileReference; fileEncoding = 4; lastKnownFileType = sourcecode.swift; name = EventsAndSchedualViewController.swift; path = ../EventsAndSchedualViewController.swift; sourceTree = "<group>"; };
		9A9E62341EE9BFE500AD3B4C /* EventTableViewCell.swift */ = {isa = PBXFileReference; fileEncoding = 4; lastKnownFileType = sourcecode.swift; path = EventTableViewCell.swift; sourceTree = "<group>"; };
		9A9E62381EE9C6A300AD3B4C /* Events.swift */ = {isa = PBXFileReference; fileEncoding = 4; lastKnownFileType = sourcecode.swift; path = Events.swift; sourceTree = "<group>"; };
		9A9E623A1EE9C8D400AD3B4C /* EventManager.swift */ = {isa = PBXFileReference; fileEncoding = 4; lastKnownFileType = sourcecode.swift; path = EventManager.swift; sourceTree = "<group>"; wrapsLines = 0; };
		9A9E623C1EE9FA9300AD3B4C /* Venues.swift */ = {isa = PBXFileReference; fileEncoding = 4; lastKnownFileType = sourcecode.swift; path = Venues.swift; sourceTree = "<group>"; };
		9AA2791A1EDE2BA0006D2123 /* AboutViewController.swift */ = {isa = PBXFileReference; fileEncoding = 4; lastKnownFileType = sourcecode.swift; path = AboutViewController.swift; sourceTree = "<group>"; };
		9AA2791C1EDE2ED8006D2123 /* AboutStrings.swift */ = {isa = PBXFileReference; fileEncoding = 4; lastKnownFileType = sourcecode.swift; path = AboutStrings.swift; sourceTree = "<group>"; };
		9ABD22861EF9B8A500B49D71 /* Montserrat-Black.otf */ = {isa = PBXFileReference; lastKnownFileType = file; path = "Montserrat-Black.otf"; sourceTree = "<group>"; };
		9ABD22871EF9B8A500B49D71 /* Montserrat-Bold.otf */ = {isa = PBXFileReference; lastKnownFileType = file; path = "Montserrat-Bold.otf"; sourceTree = "<group>"; };
		9ABD22881EF9B8A500B49D71 /* Montserrat-ExtraBold.otf */ = {isa = PBXFileReference; lastKnownFileType = file; path = "Montserrat-ExtraBold.otf"; sourceTree = "<group>"; };
		9ABD22891EF9B8A500B49D71 /* Montserrat-Hairline.otf */ = {isa = PBXFileReference; lastKnownFileType = file; path = "Montserrat-Hairline.otf"; sourceTree = "<group>"; };
		9ABD228A1EF9B8A500B49D71 /* Montserrat-Light.otf */ = {isa = PBXFileReference; lastKnownFileType = file; path = "Montserrat-Light.otf"; sourceTree = "<group>"; };
		9ABD228B1EF9B8A500B49D71 /* Montserrat-Regular.otf */ = {isa = PBXFileReference; lastKnownFileType = file; path = "Montserrat-Regular.otf"; sourceTree = "<group>"; };
		9ABD228C1EF9B8A500B49D71 /* Montserrat-SemiBold.otf */ = {isa = PBXFileReference; lastKnownFileType = file; path = "Montserrat-SemiBold.otf"; sourceTree = "<group>"; };
		9ABD228D1EF9B8A500B49D71 /* Montserrat-UltraLight.otf */ = {isa = PBXFileReference; lastKnownFileType = file; path = "Montserrat-UltraLight.otf"; sourceTree = "<group>"; };
		9ABD228E1EF9B8A500B49D71 /* SIL Open Font License.txt */ = {isa = PBXFileReference; fileEncoding = 4; lastKnownFileType = text; path = "SIL Open Font License.txt"; sourceTree = "<group>"; };
		9AD1E4731EDE19DB007F634B /* VenueManager.swift */ = {isa = PBXFileReference; fileEncoding = 4; lastKnownFileType = sourcecode.swift; path = VenueManager.swift; sourceTree = "<group>"; };
		9ADB276F1EF1D65F00DEE18E /* MenuTableViewController.swift */ = {isa = PBXFileReference; fileEncoding = 4; lastKnownFileType = sourcecode.swift; path = MenuTableViewController.swift; sourceTree = "<group>"; };
		9AE8694C1EDF41D000838657 /* VenueTableViewCell.swift */ = {isa = PBXFileReference; fileEncoding = 4; lastKnownFileType = sourcecode.swift; path = VenueTableViewCell.swift; sourceTree = "<group>"; };
		9AF187F51EF85E77002A30E8 /* filterDuplicatesArrayExtension.swift */ = {isa = PBXFileReference; fileEncoding = 4; lastKnownFileType = sourcecode.swift; path = filterDuplicatesArrayExtension.swift; sourceTree = "<group>"; };
		9AF187F71EF8824C002A30E8 /* EventDetailViewController.swift */ = {isa = PBXFileReference; fileEncoding = 4; lastKnownFileType = sourcecode.swift; path = EventDetailViewController.swift; sourceTree = "<group>"; };
/* End PBXFileReference section */

/* Begin PBXFrameworksBuildPhase section */
		9A1809E71ED3770F005F4F0E /* Frameworks */ = {
			isa = PBXFrameworksBuildPhase;
			buildActionMask = 2147483647;
			files = (
			);
			runOnlyForDeploymentPostprocessing = 0;
		};
		9A1809FB1ED3770F005F4F0E /* Frameworks */ = {
			isa = PBXFrameworksBuildPhase;
			buildActionMask = 2147483647;
			files = (
			);
			runOnlyForDeploymentPostprocessing = 0;
		};
		9A180A061ED3770F005F4F0E /* Frameworks */ = {
			isa = PBXFrameworksBuildPhase;
			buildActionMask = 2147483647;
			files = (
			);
			runOnlyForDeploymentPostprocessing = 0;
		};
/* End PBXFrameworksBuildPhase section */

/* Begin PBXGroup section */
		9A0339F91EFB074900083CA9 /* FlatUI */ = {
			isa = PBXGroup;
			children = (
				9A5F00B21EFB0E510084EA5A /* NSString+Icons.h */,
				9A5F00B31EFB0E510084EA5A /* NSString+Icons.m */,
				9A0339FB1EFB0C1200083CA9 /* UINavigationBar+FlatUI.h */,
				9A0339FC1EFB0C1200083CA9 /* UINavigationBar+FlatUI.m */,
				9A0339F61EFB073600083CA9 /* UIColor+FlatUI.h */,
				9A0339F71EFB073600083CA9 /* UIColor+FlatUI.m */,
				9A0339F01EFB06A000083CA9 /* FUIButton.h */,
				9A0339F11EFB06A000083CA9 /* FUIButton.m */,
				9A0339F31EFB06C700083CA9 /* UIImage+FlatUI.h */,
				9A0339F41EFB06C700083CA9 /* UIImage+FlatUI.m */,
			);
			name = FlatUI;
			sourceTree = "<group>";
		};
		9A0339FA1EFB076700083CA9 /* Extensions */ = {
			isa = PBXGroup;
			children = (
				9AF187F51EF85E77002A30E8 /* filterDuplicatesArrayExtension.swift */,
				9A40BF251EF8A030005064A7 /* fadeInAndOutExtension.swift */,
			);
			name = Extensions;
			sourceTree = "<group>";
		};
		9A1809E11ED3770F005F4F0E = {
			isa = PBXGroup;
			children = (
				9A1809EC1ED3770F005F4F0E /* BKCommedy */,
				9A180A011ED3770F005F4F0E /* BKCommedyTests */,
				9A180A0C1ED3770F005F4F0E /* BKCommedyUITests */,
				9A1809EB1ED3770F005F4F0E /* Products */,
			);
			sourceTree = "<group>";
		};
		9A1809EB1ED3770F005F4F0E /* Products */ = {
			isa = PBXGroup;
			children = (
				9A1809EA1ED3770F005F4F0E /* BKCommedy.app */,
				9A1809FE1ED3770F005F4F0E /* BKCommedyTests.xctest */,
				9A180A091ED3770F005F4F0E /* BKCommedyUITests.xctest */,
			);
			name = Products;
			sourceTree = "<group>";
		};
		9A1809EC1ED3770F005F4F0E /* BKCommedy */ = {
			isa = PBXGroup;
			children = (
				9A1809ED1ED3770F005F4F0E /* AppDelegate.swift */,
				9ABD22851EF9B8A500B49D71 /* montserrat */,
				9A5ACBC11EDE30C800CAFDC7 /* Controllers */,
				9A0339F91EFB074900083CA9 /* FlatUI */,
				9A3CDDAA1EE753F000DC283C /* SWReveal */,
				9A5ACBC21EDE30D400CAFDC7 /* Models */,
				9A1809F11ED3770F005F4F0E /* Main.storyboard */,
				9A1809F41ED3770F005F4F0E /* Assets.xcassets */,
				9ADB27711EF3234C00DEE18E /* New Group */,
				9A1809F61ED3770F005F4F0E /* LaunchScreen.storyboard */,
				9A1809F91ED3770F005F4F0E /* Info.plist */,
			);
			path = BKCommedy;
			sourceTree = "<group>";
		};
		9A180A011ED3770F005F4F0E /* BKCommedyTests */ = {
			isa = PBXGroup;
			children = (
				9A180A021ED3770F005F4F0E /* BKCommedyTests.swift */,
				9A180A041ED3770F005F4F0E /* Info.plist */,
			);
			path = BKCommedyTests;
			sourceTree = "<group>";
		};
		9A180A0C1ED3770F005F4F0E /* BKCommedyUITests */ = {
			isa = PBXGroup;
			children = (
				9A180A0D1ED3770F005F4F0E /* BKCommedyUITests.swift */,
				9A180A0F1ED3770F005F4F0E /* Info.plist */,
			);
			path = BKCommedyUITests;
			sourceTree = "<group>";
		};
		9A3CDDAA1EE753F000DC283C /* SWReveal */ = {
			isa = PBXGroup;
			children = (
				9A3CDDA71EE753E800DC283C /* SWRevealViewController.h */,
				9A3CDDA81EE753E800DC283C /* SWRevealViewController.m */,
			);
			name = SWReveal;
			sourceTree = "<group>";
		};
		9A5ACBC11EDE30C800CAFDC7 /* Controllers */ = {
			isa = PBXGroup;
			children = (
				9A1809EF1ED3770F005F4F0E /* RootViewController.swift */,
				9ADB276F1EF1D65F00DEE18E /* MenuTableViewController.swift */,
				9AA2791A1EDE2BA0006D2123 /* AboutViewController.swift */,
				9A3CDDA61EE753E800DC283C /* BKCommedy-Bridging-Header.h */,
				9A0339FA1EFB076700083CA9 /* Extensions */,
				9ADB27731EF32E8E00DEE18E /* Event Controllers */,
				9ADB27721EF32E8000DEE18E /* Venue Contollers */,
			);
			name = Controllers;
			sourceTree = "<group>";
		};
		9A5ACBC21EDE30D400CAFDC7 /* Models */ = {
			isa = PBXGroup;
			children = (
				9AD1E4731EDE19DB007F634B /* VenueManager.swift */,
				9A9E623A1EE9C8D400AD3B4C /* EventManager.swift */,
				9AA2791C1EDE2ED8006D2123 /* AboutStrings.swift */,
				9A9E62381EE9C6A300AD3B4C /* Events.swift */,
				9A9E623C1EE9FA9300AD3B4C /* Venues.swift */,
			);
			name = Models;
			sourceTree = "<group>";
		};
		9ABD22851EF9B8A500B49D71 /* montserrat */ = {
			isa = PBXGroup;
			children = (
				9ABD22861EF9B8A500B49D71 /* Montserrat-Black.otf */,
				9ABD22871EF9B8A500B49D71 /* Montserrat-Bold.otf */,
				9ABD22881EF9B8A500B49D71 /* Montserrat-ExtraBold.otf */,
				9ABD22891EF9B8A500B49D71 /* Montserrat-Hairline.otf */,
				9ABD228A1EF9B8A500B49D71 /* Montserrat-Light.otf */,
				9ABD228B1EF9B8A500B49D71 /* Montserrat-Regular.otf */,
				9ABD228C1EF9B8A500B49D71 /* Montserrat-SemiBold.otf */,
				9ABD228D1EF9B8A500B49D71 /* Montserrat-UltraLight.otf */,
				9ABD228E1EF9B8A500B49D71 /* SIL Open Font License.txt */,
			);
			path = montserrat;
			sourceTree = "<group>";
		};
		9ADB27711EF3234C00DEE18E /* New Group */ = {
			isa = PBXGroup;
			children = (
			);
			name = "New Group";
			sourceTree = "<group>";
		};
		9ADB27721EF32E8000DEE18E /* Venue Contollers */ = {
			isa = PBXGroup;
			children = (
				9A501A1C1EDE38700075E61E /* VenueDetailViewController.swift */,
				9A501A1E1EDE39B10075E61E /* VenueTableViewController.swift */,
				9AE8694C1EDF41D000838657 /* VenueTableViewCell.swift */,
			);
			name = "Venue Contollers";
			sourceTree = "<group>";
		};
		9ADB27731EF32E8E00DEE18E /* Event Controllers */ = {
			isa = PBXGroup;
			children = (
				9A99C4111EE87BD800957146 /* EventsAndSchedualViewController.swift */,
				9AF187F71EF8824C002A30E8 /* EventDetailViewController.swift */,
				9A6E21281EF8E10A003E3078 /* DayCollectionViewCell.swift */,
				9A9E62341EE9BFE500AD3B4C /* EventTableViewCell.swift */,
			);
			name = "Event Controllers";
			sourceTree = "<group>";
		};
/* End PBXGroup section */

/* Begin PBXNativeTarget section */
		9A1809E91ED3770F005F4F0E /* BKCommedy */ = {
			isa = PBXNativeTarget;
			buildConfigurationList = 9A180A121ED3770F005F4F0E /* Build configuration list for PBXNativeTarget "BKCommedy" */;
			buildPhases = (
				9A1809E61ED3770F005F4F0E /* Sources */,
				9A1809E71ED3770F005F4F0E /* Frameworks */,
				9A1809E81ED3770F005F4F0E /* Resources */,
			);
			buildRules = (
			);
			dependencies = (
			);
			name = BKCommedy;
			productName = BKCommedy;
			productReference = 9A1809EA1ED3770F005F4F0E /* BKCommedy.app */;
			productType = "com.apple.product-type.application";
		};
		9A1809FD1ED3770F005F4F0E /* BKCommedyTests */ = {
			isa = PBXNativeTarget;
			buildConfigurationList = 9A180A151ED3770F005F4F0E /* Build configuration list for PBXNativeTarget "BKCommedyTests" */;
			buildPhases = (
				9A1809FA1ED3770F005F4F0E /* Sources */,
				9A1809FB1ED3770F005F4F0E /* Frameworks */,
				9A1809FC1ED3770F005F4F0E /* Resources */,
			);
			buildRules = (
			);
			dependencies = (
				9A180A001ED3770F005F4F0E /* PBXTargetDependency */,
			);
			name = BKCommedyTests;
			productName = BKCommedyTests;
			productReference = 9A1809FE1ED3770F005F4F0E /* BKCommedyTests.xctest */;
			productType = "com.apple.product-type.bundle.unit-test";
		};
		9A180A081ED3770F005F4F0E /* BKCommedyUITests */ = {
			isa = PBXNativeTarget;
			buildConfigurationList = 9A180A181ED3770F005F4F0E /* Build configuration list for PBXNativeTarget "BKCommedyUITests" */;
			buildPhases = (
				9A180A051ED3770F005F4F0E /* Sources */,
				9A180A061ED3770F005F4F0E /* Frameworks */,
				9A180A071ED3770F005F4F0E /* Resources */,
			);
			buildRules = (
			);
			dependencies = (
				9A180A0B1ED3770F005F4F0E /* PBXTargetDependency */,
			);
			name = BKCommedyUITests;
			productName = BKCommedyUITests;
			productReference = 9A180A091ED3770F005F4F0E /* BKCommedyUITests.xctest */;
			productType = "com.apple.product-type.bundle.ui-testing";
		};
/* End PBXNativeTarget section */

/* Begin PBXProject section */
		9A1809E21ED3770F005F4F0E /* Project object */ = {
			isa = PBXProject;
			attributes = {
				LastSwiftUpdateCheck = 0830;
				LastUpgradeCheck = 0830;
				ORGANIZATIONNAME = "Julien Bankier";
				TargetAttributes = {
					9A1809E91ED3770F005F4F0E = {
						CreatedOnToolsVersion = 8.3.2;
						DevelopmentTeam = MQBMAJV8P4;
						LastSwiftMigration = 0830;
						ProvisioningStyle = Automatic;
					};
					9A1809FD1ED3770F005F4F0E = {
						CreatedOnToolsVersion = 8.3.2;
						DevelopmentTeam = MQBMAJV8P4;
						ProvisioningStyle = Automatic;
						TestTargetID = 9A1809E91ED3770F005F4F0E;
					};
					9A180A081ED3770F005F4F0E = {
						CreatedOnToolsVersion = 8.3.2;
						DevelopmentTeam = MQBMAJV8P4;
						ProvisioningStyle = Automatic;
						TestTargetID = 9A1809E91ED3770F005F4F0E;
					};
				};
			};
			buildConfigurationList = 9A1809E51ED3770F005F4F0E /* Build configuration list for PBXProject "BKCommedy" */;
			compatibilityVersion = "Xcode 3.2";
			developmentRegion = English;
			hasScannedForEncodings = 0;
			knownRegions = (
				en,
				Base,
			);
			mainGroup = 9A1809E11ED3770F005F4F0E;
			productRefGroup = 9A1809EB1ED3770F005F4F0E /* Products */;
			projectDirPath = "";
			projectRoot = "";
			targets = (
				9A1809E91ED3770F005F4F0E /* BKCommedy */,
				9A1809FD1ED3770F005F4F0E /* BKCommedyTests */,
				9A180A081ED3770F005F4F0E /* BKCommedyUITests */,
			);
		};
/* End PBXProject section */

/* Begin PBXResourcesBuildPhase section */
		9A1809E81ED3770F005F4F0E /* Resources */ = {
			isa = PBXResourcesBuildPhase;
			buildActionMask = 2147483647;
			files = (
				9ABD22911EF9B8A500B49D71 /* Montserrat-ExtraBold.otf in Resources */,
				9ABD22961EF9B8A500B49D71 /* Montserrat-UltraLight.otf in Resources */,
				9ABD22901EF9B8A500B49D71 /* Montserrat-Bold.otf in Resources */,
				9ABD22971EF9B8A500B49D71 /* SIL Open Font License.txt in Resources */,
				9ABD22921EF9B8A500B49D71 /* Montserrat-Hairline.otf in Resources */,
				9ABD228F1EF9B8A500B49D71 /* Montserrat-Black.otf in Resources */,
				9A1809F81ED3770F005F4F0E /* LaunchScreen.storyboard in Resources */,
				9A1809F51ED3770F005F4F0E /* Assets.xcassets in Resources */,
				9A1809F31ED3770F005F4F0E /* Main.storyboard in Resources */,
				9ABD22931EF9B8A500B49D71 /* Montserrat-Light.otf in Resources */,
				9ABD22941EF9B8A500B49D71 /* Montserrat-Regular.otf in Resources */,
				9ABD22951EF9B8A500B49D71 /* Montserrat-SemiBold.otf in Resources */,
			);
			runOnlyForDeploymentPostprocessing = 0;
		};
		9A1809FC1ED3770F005F4F0E /* Resources */ = {
			isa = PBXResourcesBuildPhase;
			buildActionMask = 2147483647;
			files = (
			);
			runOnlyForDeploymentPostprocessing = 0;
		};
		9A180A071ED3770F005F4F0E /* Resources */ = {
			isa = PBXResourcesBuildPhase;
			buildActionMask = 2147483647;
			files = (
			);
			runOnlyForDeploymentPostprocessing = 0;
		};
/* End PBXResourcesBuildPhase section */

/* Begin PBXSourcesBuildPhase section */
		9A1809E61ED3770F005F4F0E /* Sources */ = {
			isa = PBXSourcesBuildPhase;
			buildActionMask = 2147483647;
			files = (
				9A9E62351EE9BFE500AD3B4C /* EventTableViewCell.swift in Sources */,
				9A99C4121EE87BD800957146 /* EventsAndSchedualViewController.swift in Sources */,
				9ADB27701EF1D65F00DEE18E /* MenuTableViewController.swift in Sources */,
				9A40BF261EF8A030005064A7 /* fadeInAndOutExtension.swift in Sources */,
				9AA2791D1EDE2ED8006D2123 /* AboutStrings.swift in Sources */,
				9A9E62391EE9C6A300AD3B4C /* Events.swift in Sources */,
				9A1809F01ED3770F005F4F0E /* RootViewController.swift in Sources */,
				9A6E21291EF8E10A003E3078 /* DayCollectionViewCell.swift in Sources */,
				9A1809EE1ED3770F005F4F0E /* AppDelegate.swift in Sources */,
				9AE8694D1EDF41D000838657 /* VenueTableViewCell.swift in Sources */,
				9A9E623B1EE9C8D400AD3B4C /* EventManager.swift in Sources */,
				9A501A1F1EDE39B10075E61E /* VenueTableViewController.swift in Sources */,
				9AD1E4741EDE19DB007F634B /* VenueManager.swift in Sources */,
				9AF187F61EF85E77002A30E8 /* filterDuplicatesArrayExtension.swift in Sources */,
				9A0339F21EFB06A000083CA9 /* FUIButton.m in Sources */,
				9A0339F51EFB06C700083CA9 /* UIImage+FlatUI.m in Sources */,
				9A501A1D1EDE38700075E61E /* VenueDetailViewController.swift in Sources */,
				9A0339FD1EFB0C1200083CA9 /* UINavigationBar+FlatUI.m in Sources */,
				9A5F00B41EFB0E510084EA5A /* NSString+Icons.m in Sources */,
				9A9E623D1EE9FA9400AD3B4C /* Venues.swift in Sources */,
				9A0339F81EFB073600083CA9 /* UIColor+FlatUI.m in Sources */,
				9A3CDDA91EE753E800DC283C /* SWRevealViewController.m in Sources */,
				9AF187F81EF8824C002A30E8 /* EventDetailViewController.swift in Sources */,
				9AA2791B1EDE2BA0006D2123 /* AboutViewController.swift in Sources */,
			);
			runOnlyForDeploymentPostprocessing = 0;
		};
		9A1809FA1ED3770F005F4F0E /* Sources */ = {
			isa = PBXSourcesBuildPhase;
			buildActionMask = 2147483647;
			files = (
				9A180A031ED3770F005F4F0E /* BKCommedyTests.swift in Sources */,
			);
			runOnlyForDeploymentPostprocessing = 0;
		};
		9A180A051ED3770F005F4F0E /* Sources */ = {
			isa = PBXSourcesBuildPhase;
			buildActionMask = 2147483647;
			files = (
				9A180A0E1ED3770F005F4F0E /* BKCommedyUITests.swift in Sources */,
			);
			runOnlyForDeploymentPostprocessing = 0;
		};
/* End PBXSourcesBuildPhase section */

/* Begin PBXTargetDependency section */
		9A180A001ED3770F005F4F0E /* PBXTargetDependency */ = {
			isa = PBXTargetDependency;
			target = 9A1809E91ED3770F005F4F0E /* BKCommedy */;
			targetProxy = 9A1809FF1ED3770F005F4F0E /* PBXContainerItemProxy */;
		};
		9A180A0B1ED3770F005F4F0E /* PBXTargetDependency */ = {
			isa = PBXTargetDependency;
			target = 9A1809E91ED3770F005F4F0E /* BKCommedy */;
			targetProxy = 9A180A0A1ED3770F005F4F0E /* PBXContainerItemProxy */;
		};
/* End PBXTargetDependency section */

/* Begin PBXVariantGroup section */
		9A1809F11ED3770F005F4F0E /* Main.storyboard */ = {
			isa = PBXVariantGroup;
			children = (
				9A1809F21ED3770F005F4F0E /* Base */,
			);
			name = Main.storyboard;
			sourceTree = "<group>";
		};
		9A1809F61ED3770F005F4F0E /* LaunchScreen.storyboard */ = {
			isa = PBXVariantGroup;
			children = (
				9A1809F71ED3770F005F4F0E /* Base */,
			);
			name = LaunchScreen.storyboard;
			sourceTree = "<group>";
		};
/* End PBXVariantGroup section */

/* Begin XCBuildConfiguration section */
		9A180A101ED3770F005F4F0E /* Debug */ = {
			isa = XCBuildConfiguration;
			buildSettings = {
				ALWAYS_SEARCH_USER_PATHS = NO;
				CLANG_ANALYZER_NONNULL = YES;
				CLANG_ANALYZER_NUMBER_OBJECT_CONVERSION = YES_AGGRESSIVE;
				CLANG_CXX_LANGUAGE_STANDARD = "gnu++0x";
				CLANG_CXX_LIBRARY = "libc++";
				CLANG_ENABLE_MODULES = YES;
				CLANG_ENABLE_OBJC_ARC = YES;
				CLANG_WARN_BOOL_CONVERSION = YES;
				CLANG_WARN_CONSTANT_CONVERSION = YES;
				CLANG_WARN_DIRECT_OBJC_ISA_USAGE = YES_ERROR;
				CLANG_WARN_DOCUMENTATION_COMMENTS = YES;
				CLANG_WARN_EMPTY_BODY = YES;
				CLANG_WARN_ENUM_CONVERSION = YES;
				CLANG_WARN_INFINITE_RECURSION = YES;
				CLANG_WARN_INT_CONVERSION = YES;
				CLANG_WARN_OBJC_ROOT_CLASS = YES_ERROR;
				CLANG_WARN_SUSPICIOUS_MOVE = YES;
				CLANG_WARN_UNREACHABLE_CODE = YES;
				CLANG_WARN__DUPLICATE_METHOD_MATCH = YES;
				"CODE_SIGN_IDENTITY[sdk=iphoneos*]" = "iPhone Developer";
				COPY_PHASE_STRIP = NO;
				DEBUG_INFORMATION_FORMAT = dwarf;
				ENABLE_STRICT_OBJC_MSGSEND = YES;
				ENABLE_TESTABILITY = YES;
				GCC_C_LANGUAGE_STANDARD = gnu99;
				GCC_DYNAMIC_NO_PIC = NO;
				GCC_NO_COMMON_BLOCKS = YES;
				GCC_OPTIMIZATION_LEVEL = 0;
				GCC_PREPROCESSOR_DEFINITIONS = (
					"DEBUG=1",
					"$(inherited)",
				);
				GCC_WARN_64_TO_32_BIT_CONVERSION = YES;
				GCC_WARN_ABOUT_RETURN_TYPE = YES_ERROR;
				GCC_WARN_UNDECLARED_SELECTOR = YES;
				GCC_WARN_UNINITIALIZED_AUTOS = YES_AGGRESSIVE;
				GCC_WARN_UNUSED_FUNCTION = YES;
				GCC_WARN_UNUSED_VARIABLE = YES;
				IPHONEOS_DEPLOYMENT_TARGET = 10.3;
				MTL_ENABLE_DEBUG_INFO = YES;
				ONLY_ACTIVE_ARCH = YES;
				SDKROOT = iphoneos;
				SWIFT_ACTIVE_COMPILATION_CONDITIONS = DEBUG;
				SWIFT_OPTIMIZATION_LEVEL = "-Onone";
			};
			name = Debug;
		};
		9A180A111ED3770F005F4F0E /* Release */ = {
			isa = XCBuildConfiguration;
			buildSettings = {
				ALWAYS_SEARCH_USER_PATHS = NO;
				CLANG_ANALYZER_NONNULL = YES;
				CLANG_ANALYZER_NUMBER_OBJECT_CONVERSION = YES_AGGRESSIVE;
				CLANG_CXX_LANGUAGE_STANDARD = "gnu++0x";
				CLANG_CXX_LIBRARY = "libc++";
				CLANG_ENABLE_MODULES = YES;
				CLANG_ENABLE_OBJC_ARC = YES;
				CLANG_WARN_BOOL_CONVERSION = YES;
				CLANG_WARN_CONSTANT_CONVERSION = YES;
				CLANG_WARN_DIRECT_OBJC_ISA_USAGE = YES_ERROR;
				CLANG_WARN_DOCUMENTATION_COMMENTS = YES;
				CLANG_WARN_EMPTY_BODY = YES;
				CLANG_WARN_ENUM_CONVERSION = YES;
				CLANG_WARN_INFINITE_RECURSION = YES;
				CLANG_WARN_INT_CONVERSION = YES;
				CLANG_WARN_OBJC_ROOT_CLASS = YES_ERROR;
				CLANG_WARN_SUSPICIOUS_MOVE = YES;
				CLANG_WARN_UNREACHABLE_CODE = YES;
				CLANG_WARN__DUPLICATE_METHOD_MATCH = YES;
				"CODE_SIGN_IDENTITY[sdk=iphoneos*]" = "iPhone Developer";
				COPY_PHASE_STRIP = NO;
				DEBUG_INFORMATION_FORMAT = "dwarf-with-dsym";
				ENABLE_NS_ASSERTIONS = NO;
				ENABLE_STRICT_OBJC_MSGSEND = YES;
				GCC_C_LANGUAGE_STANDARD = gnu99;
				GCC_NO_COMMON_BLOCKS = YES;
				GCC_WARN_64_TO_32_BIT_CONVERSION = YES;
				GCC_WARN_ABOUT_RETURN_TYPE = YES_ERROR;
				GCC_WARN_UNDECLARED_SELECTOR = YES;
				GCC_WARN_UNINITIALIZED_AUTOS = YES_AGGRESSIVE;
				GCC_WARN_UNUSED_FUNCTION = YES;
				GCC_WARN_UNUSED_VARIABLE = YES;
				IPHONEOS_DEPLOYMENT_TARGET = 10.3;
				MTL_ENABLE_DEBUG_INFO = NO;
				SDKROOT = iphoneos;
				SWIFT_OPTIMIZATION_LEVEL = "-Owholemodule";
				VALIDATE_PRODUCT = YES;
			};
			name = Release;
		};
		9A180A131ED3770F005F4F0E /* Debug */ = {
			isa = XCBuildConfiguration;
			buildSettings = {
				ASSETCATALOG_COMPILER_APPICON_NAME = AppIcon;
				CLANG_ENABLE_MODULES = YES;
				DEVELOPMENT_TEAM = MQBMAJV8P4;
				INFOPLIST_FILE = BKCommedy/Info.plist;
				LD_RUNPATH_SEARCH_PATHS = "$(inherited) @executable_path/Frameworks";
				PRODUCT_BUNDLE_IDENTIFIER = com.JulienBankier.BKCommedy;
				PRODUCT_NAME = "$(TARGET_NAME)";
				SWIFT_DISABLE_SAFETY_CHECKS = NO;
				SWIFT_OBJC_BRIDGING_HEADER = "BKCommedy/BKCommedy-Bridging-Header.h";
				SWIFT_OPTIMIZATION_LEVEL = "-Onone";
				SWIFT_VERSION = 3.0;
			};
			name = Debug;
		};
		9A180A141ED3770F005F4F0E /* Release */ = {
			isa = XCBuildConfiguration;
			buildSettings = {
				ASSETCATALOG_COMPILER_APPICON_NAME = AppIcon;
				CLANG_ENABLE_MODULES = YES;
				DEVELOPMENT_TEAM = MQBMAJV8P4;
				INFOPLIST_FILE = BKCommedy/Info.plist;
				LD_RUNPATH_SEARCH_PATHS = "$(inherited) @executable_path/Frameworks";
				PRODUCT_BUNDLE_IDENTIFIER = com.JulienBankier.BKCommedy;
				PRODUCT_NAME = "$(TARGET_NAME)";
				SWIFT_DISABLE_SAFETY_CHECKS = NO;
				SWIFT_OBJC_BRIDGING_HEADER = "BKCommedy/BKCommedy-Bridging-Header.h";
				SWIFT_VERSION = 3.0;
			};
			name = Release;
		};
		9A180A161ED3770F005F4F0E /* Debug */ = {
			isa = XCBuildConfiguration;
			buildSettings = {
				ALWAYS_EMBED_SWIFT_STANDARD_LIBRARIES = YES;
				BUNDLE_LOADER = "$(TEST_HOST)";
				DEVELOPMENT_TEAM = MQBMAJV8P4;
				INFOPLIST_FILE = BKCommedyTests/Info.plist;
				LD_RUNPATH_SEARCH_PATHS = "$(inherited) @executable_path/Frameworks @loader_path/Frameworks";
				PRODUCT_BUNDLE_IDENTIFIER = com.JulienBankier.BKCommedyTests;
				PRODUCT_NAME = "$(TARGET_NAME)";
				SWIFT_VERSION = 3.0;
				TEST_HOST = "$(BUILT_PRODUCTS_DIR)/BKCommedy.app/BKCommedy";
			};
			name = Debug;
		};
		9A180A171ED3770F005F4F0E /* Release */ = {
			isa = XCBuildConfiguration;
			buildSettings = {
				ALWAYS_EMBED_SWIFT_STANDARD_LIBRARIES = YES;
				BUNDLE_LOADER = "$(TEST_HOST)";
				DEVELOPMENT_TEAM = MQBMAJV8P4;
				INFOPLIST_FILE = BKCommedyTests/Info.plist;
				LD_RUNPATH_SEARCH_PATHS = "$(inherited) @executable_path/Frameworks @loader_path/Frameworks";
				PRODUCT_BUNDLE_IDENTIFIER = com.JulienBankier.BKCommedyTests;
				PRODUCT_NAME = "$(TARGET_NAME)";
				SWIFT_VERSION = 3.0;
				TEST_HOST = "$(BUILT_PRODUCTS_DIR)/BKCommedy.app/BKCommedy";
			};
			name = Release;
		};
		9A180A191ED3770F005F4F0E /* Debug */ = {
			isa = XCBuildConfiguration;
			buildSettings = {
				ALWAYS_EMBED_SWIFT_STANDARD_LIBRARIES = YES;
				DEVELOPMENT_TEAM = MQBMAJV8P4;
				INFOPLIST_FILE = BKCommedyUITests/Info.plist;
				LD_RUNPATH_SEARCH_PATHS = "$(inherited) @executable_path/Frameworks @loader_path/Frameworks";
				PRODUCT_BUNDLE_IDENTIFIER = com.JulienBankier.BKCommedyUITests;
				PRODUCT_NAME = "$(TARGET_NAME)";
				SWIFT_VERSION = 3.0;
				TEST_TARGET_NAME = BKCommedy;
			};
			name = Debug;
		};
		9A180A1A1ED3770F005F4F0E /* Release */ = {
			isa = XCBuildConfiguration;
			buildSettings = {
				ALWAYS_EMBED_SWIFT_STANDARD_LIBRARIES = YES;
				DEVELOPMENT_TEAM = MQBMAJV8P4;
				INFOPLIST_FILE = BKCommedyUITests/Info.plist;
				LD_RUNPATH_SEARCH_PATHS = "$(inherited) @executable_path/Frameworks @loader_path/Frameworks";
				PRODUCT_BUNDLE_IDENTIFIER = com.JulienBankier.BKCommedyUITests;
				PRODUCT_NAME = "$(TARGET_NAME)";
				SWIFT_VERSION = 3.0;
				TEST_TARGET_NAME = BKCommedy;
			};
			name = Release;
		};
/* End XCBuildConfiguration section */

/* Begin XCConfigurationList section */
		9A1809E51ED3770F005F4F0E /* Build configuration list for PBXProject "BKCommedy" */ = {
			isa = XCConfigurationList;
			buildConfigurations = (
				9A180A101ED3770F005F4F0E /* Debug */,
				9A180A111ED3770F005F4F0E /* Release */,
			);
			defaultConfigurationIsVisible = 0;
			defaultConfigurationName = Release;
		};
		9A180A121ED3770F005F4F0E /* Build configuration list for PBXNativeTarget "BKCommedy" */ = {
			isa = XCConfigurationList;
			buildConfigurations = (
				9A180A131ED3770F005F4F0E /* Debug */,
				9A180A141ED3770F005F4F0E /* Release */,
			);
			defaultConfigurationIsVisible = 0;
			defaultConfigurationName = Release;
		};
		9A180A151ED3770F005F4F0E /* Build configuration list for PBXNativeTarget "BKCommedyTests" */ = {
			isa = XCConfigurationList;
			buildConfigurations = (
				9A180A161ED3770F005F4F0E /* Debug */,
				9A180A171ED3770F005F4F0E /* Release */,
			);
			defaultConfigurationIsVisible = 0;
			defaultConfigurationName = Release;
		};
		9A180A181ED3770F005F4F0E /* Build configuration list for PBXNativeTarget "BKCommedyUITests" */ = {
			isa = XCConfigurationList;
			buildConfigurations = (
				9A180A191ED3770F005F4F0E /* Debug */,
				9A180A1A1ED3770F005F4F0E /* Release */,
			);
			defaultConfigurationIsVisible = 0;
			defaultConfigurationName = Release;
		};
/* End XCConfigurationList section */
	};
	rootObject = 9A1809E21ED3770F005F4F0E /* Project object */;
}
